
Microsoft Visual Studio Solution File, Format Version 12.00
# Visual Studio Version 17
VisualStudioVersion = 17.3.32825.248
MinimumVisualStudioVersion = 10.0.40219.1
Project("{FAE04EC0-301F-11D3-BF4B-00C04F79EFBC}") = "polymorphLabTask3", "polymorphLabTask3.csproj", "{B4E654D0-8097-48DE-9273-E2911855BD8E}"
EndProject
Global
	GlobalSection(SolutionConfigurationPlatforms) = preSolution
		Debug|Any CPU = Debug|Any CPU
		Release|Any CPU = Release|Any CPU
	EndGlobalSection
	GlobalSection(ProjectConfigurationPlatforms) = postSolution
		{B4E654D0-8097-48DE-9273-E2911855BD8E}.Debug|Any CPU.ActiveCfg = Debug|Any CPU
		{B4E654D0-8097-48DE-9273-E2911855BD8E}.Debug|Any CPU.Build.0 = Debug|Any CPU
		{B4E654D0-8097-48DE-9273-E2911855BD8E}.Release|Any CPU.ActiveCfg = Release|Any CPU
		{B4E654D0-8097-48DE-9273-E2911855BD8E}.Release|Any CPU.Build.0 = Release|Any CPU
	EndGlobalSection
	GlobalSection(SolutionProperties) = preSolution
		HideSolutionNode = FALSE
	EndGlobalSection
	GlobalSection(ExtensibilityGlobals) = postSolution
		SolutionGuid = {2D173E05-BBDA-45C0-A198-E5F54C2E99EF}
	EndGlobalSection
EndGlobal
